
Microsoft Visual Studio Solution File, Format Version 12.00
# Visual Studio Version 17
VisualStudioVersion = 17.3.32825.248
MinimumVisualStudioVersion = 10.0.40219.1
Project("{9A19103F-16F7-4668-BE54-9A1E7A4F7556}") = "Watchlist", "Watchlist\Watchlist.csproj", "{93966513-D617-4B9E-8C68-AD7BDBFCE7AD}"
EndProject
Project("{FAE04EC0-301F-11D3-BF4B-00C04F79EFBC}") = "Watchlist.Models", "Watchlist.Models\Watchlist.Models.csproj", "{991BD736-C995-46D1-8B31-D1A5BF9EC85C}"
EndProject
Project("{FAE04EC0-301F-11D3-BF4B-00C04F79EFBC}") = "Watchlist.Data", "Watchlist.Data\Watchlist.Data.csproj", "{4A06B078-EA90-49B0-A3F6-820B15DF60F6}"
EndProject
Project("{FAE04EC0-301F-11D3-BF4B-00C04F79EFBC}") = "Watchlist.Services", "Watchlist.Services\Watchlist.Services.csproj", "{E15DA62C-BC7F-47BD-BE9E-30E924A8A37B}"
EndProject
Project("{FAE04EC0-301F-11D3-BF4B-00C04F79EFBC}") = "Watchlist.ViewModels", "Watchlist.ViewModels\Watchlist.ViewModels.csproj", "{8A8213C5-DF9B-43C4-A310-35D29B722142}"
EndProject
Project("{FAE04EC0-301F-11D3-BF4B-00C04F79EFBC}") = "Watchlist.Common", "Watchlist.Common\Watchlist.Common.csproj", "{EE7295FE-9D32-4791-AC52-4BE6F1DC620A}"
EndProject
Global
	GlobalSection(SolutionConfigurationPlatforms) = preSolution
		Debug|Any CPU = Debug|Any CPU
		Release|Any CPU = Release|Any CPU
	EndGlobalSection
	GlobalSection(ProjectConfigurationPlatforms) = postSolution
		{93966513-D617-4B9E-8C68-AD7BDBFCE7AD}.Debug|Any CPU.ActiveCfg = Debug|Any CPU
		{93966513-D617-4B9E-8C68-AD7BDBFCE7AD}.Debug|Any CPU.Build.0 = Debug|Any CPU
		{93966513-D617-4B9E-8C68-AD7BDBFCE7AD}.Release|Any CPU.ActiveCfg = Release|Any CPU
		{93966513-D617-4B9E-8C68-AD7BDBFCE7AD}.Release|Any CPU.Build.0 = Release|Any CPU
		{991BD736-C995-46D1-8B31-D1A5BF9EC85C}.Debug|Any CPU.ActiveCfg = Debug|Any CPU
		{991BD736-C995-46D1-8B31-D1A5BF9EC85C}.Debug|Any CPU.Build.0 = Debug|Any CPU
		{991BD736-C995-46D1-8B31-D1A5BF9EC85C}.Release|Any CPU.ActiveCfg = Release|Any CPU
		{991BD736-C995-46D1-8B31-D1A5BF9EC85C}.Release|Any CPU.Build.0 = Release|Any CPU
		{4A06B078-EA90-49B0-A3F6-820B15DF60F6}.Debug|Any CPU.ActiveCfg = Debug|Any CPU
		{4A06B078-EA90-49B0-A3F6-820B15DF60F6}.Debug|Any CPU.Build.0 = Debug|Any CPU
		{4A06B078-EA90-49B0-A3F6-820B15DF60F6}.Release|Any CPU.ActiveCfg = Release|Any CPU
		{4A06B078-EA90-49B0-A3F6-820B15DF60F6}.Release|Any CPU.Build.0 = Release|Any CPU
		{E15DA62C-BC7F-47BD-BE9E-30E924A8A37B}.Debug|Any CPU.ActiveCfg = Debug|Any CPU
		{E15DA62C-BC7F-47BD-BE9E-30E924A8A37B}.Debug|Any CPU.Build.0 = Debug|Any CPU
		{E15DA62C-BC7F-47BD-BE9E-30E924A8A37B}.Release|Any CPU.ActiveCfg = Release|Any CPU
		{E15DA62C-BC7F-47BD-BE9E-30E924A8A37B}.Release|Any CPU.Build.0 = Release|Any CPU
		{8A8213C5-DF9B-43C4-A310-35D29B722142}.Debug|Any CPU.ActiveCfg = Debug|Any CPU
		{8A8213C5-DF9B-43C4-A310-35D29B722142}.Debug|Any CPU.Build.0 = Debug|Any CPU
		{8A8213C5-DF9B-43C4-A310-35D29B722142}.Release|Any CPU.ActiveCfg = Release|Any CPU
		{8A8213C5-DF9B-43C4-A310-35D29B722142}.Release|Any CPU.Build.0 = Release|Any CPU
		{EE7295FE-9D32-4791-AC52-4BE6F1DC620A}.Debug|Any CPU.ActiveCfg = Debug|Any CPU
		{EE7295FE-9D32-4791-AC52-4BE6F1DC620A}.Debug|Any CPU.Build.0 = Debug|Any CPU
		{EE7295FE-9D32-4791-AC52-4BE6F1DC620A}.Release|Any CPU.ActiveCfg = Release|Any CPU
		{EE7295FE-9D32-4791-AC52-4BE6F1DC620A}.Release|Any CPU.Build.0 = Release|Any CPU
	EndGlobalSection
	GlobalSection(SolutionProperties) = preSolution
		HideSolutionNode = FALSE
	EndGlobalSection
	GlobalSection(ExtensibilityGlobals) = postSolution
		SolutionGuid = {62F938B5-82E8-48FE-A807-A17760DF6C0A}
	EndGlobalSection
EndGlobal
