
Microsoft Visual Studio Solution File, Format Version 12.00
# Visual Studio Version 17
VisualStudioVersion = 17.3.32929.385
MinimumVisualStudioVersion = 10.0.40219.1
Project("{FAE04EC0-301F-11D3-BF4B-00C04F79EFBC}") = "HouseRentingSystem", "HouseRentingSystem\HouseRentingSystem.csproj", "{7910192D-ABDB-4481-9BEA-F7ADFE0780E0}"
EndProject
Project("{FAE04EC0-301F-11D3-BF4B-00C04F79EFBC}") = "HouseRentingSystem.Infrastructure", "HouseRentingSystem.Infrastructure\HouseRentingSystem.Infrastructure.csproj", "{0A2B46BA-D0E4-44BD-B7AC-13C409B63903}"
EndProject
Project("{FAE04EC0-301F-11D3-BF4B-00C04F79EFBC}") = "HouseRentingSystem.Core", "HouseRentingSystem.Core\HouseRentingSystem.Core.csproj", "{7AE95FE1-AD34-4318-A07F-664A4D623F91}"
EndProject
Global
	GlobalSection(SolutionConfigurationPlatforms) = preSolution
		Debug|Any CPU = Debug|Any CPU
		Release|Any CPU = Release|Any CPU
	EndGlobalSection
	GlobalSection(ProjectConfigurationPlatforms) = postSolution
		{7910192D-ABDB-4481-9BEA-F7ADFE0780E0}.Debug|Any CPU.ActiveCfg = Debug|Any CPU
		{7910192D-ABDB-4481-9BEA-F7ADFE0780E0}.Debug|Any CPU.Build.0 = Debug|Any CPU
		{7910192D-ABDB-4481-9BEA-F7ADFE0780E0}.Release|Any CPU.ActiveCfg = Release|Any CPU
		{7910192D-ABDB-4481-9BEA-F7ADFE0780E0}.Release|Any CPU.Build.0 = Release|Any CPU
		{0A2B46BA-D0E4-44BD-B7AC-13C409B63903}.Debug|Any CPU.ActiveCfg = Debug|Any CPU
		{0A2B46BA-D0E4-44BD-B7AC-13C409B63903}.Debug|Any CPU.Build.0 = Debug|Any CPU
		{0A2B46BA-D0E4-44BD-B7AC-13C409B63903}.Release|Any CPU.ActiveCfg = Release|Any CPU
		{0A2B46BA-D0E4-44BD-B7AC-13C409B63903}.Release|Any CPU.Build.0 = Release|Any CPU
		{7AE95FE1-AD34-4318-A07F-664A4D623F91}.Debug|Any CPU.ActiveCfg = Debug|Any CPU
		{7AE95FE1-AD34-4318-A07F-664A4D623F91}.Debug|Any CPU.Build.0 = Debug|Any CPU
		{7AE95FE1-AD34-4318-A07F-664A4D623F91}.Release|Any CPU.ActiveCfg = Release|Any CPU
		{7AE95FE1-AD34-4318-A07F-664A4D623F91}.Release|Any CPU.Build.0 = Release|Any CPU
	EndGlobalSection
	GlobalSection(SolutionProperties) = preSolution
		HideSolutionNode = FALSE
	EndGlobalSection
	GlobalSection(ExtensibilityGlobals) = postSolution
		SolutionGuid = {31608EC7-A654-4D4A-97A7-2FC3F6386BB4}
	EndGlobalSection
EndGlobal
